
Microsoft Visual Studio Solution File, Format Version 12.00
# Visual Studio Version 16
VisualStudioVersion = 16.0.31424.327
MinimumVisualStudioVersion = 10.0.40219.1
Project("{9A19103F-16F7-4668-BE54-9A1E7A4F7556}") = "Authentication", "Authentication\Authentication.csproj", "{1181FF86-5724-41C6-890C-7AC0EC6EBA1A}"
EndProject
Project("{9A19103F-16F7-4668-BE54-9A1E7A4F7556}") = "Account API", "Account API\Account API.csproj", "{266902FE-5F50-4E94-B83C-8AFFD58D0839}"
EndProject
Project("{FAE04EC0-301F-11D3-BF4B-00C04F79EFBC}") = "BankUI", "BankUI\BankUI.csproj", "{F38AABCC-D1F9-4751-B320-9855AF871207}"
EndProject
Global
	GlobalSection(SolutionConfigurationPlatforms) = preSolution
		Debug|Any CPU = Debug|Any CPU
		Release|Any CPU = Release|Any CPU
	EndGlobalSection
	GlobalSection(ProjectConfigurationPlatforms) = postSolution
		{1181FF86-5724-41C6-890C-7AC0EC6EBA1A}.Debug|Any CPU.ActiveCfg = Debug|Any CPU
		{1181FF86-5724-41C6-890C-7AC0EC6EBA1A}.Debug|Any CPU.Build.0 = Debug|Any CPU
		{1181FF86-5724-41C6-890C-7AC0EC6EBA1A}.Release|Any CPU.ActiveCfg = Release|Any CPU
		{1181FF86-5724-41C6-890C-7AC0EC6EBA1A}.Release|Any CPU.Build.0 = Release|Any CPU
		{266902FE-5F50-4E94-B83C-8AFFD58D0839}.Debug|Any CPU.ActiveCfg = Debug|Any CPU
		{266902FE-5F50-4E94-B83C-8AFFD58D0839}.Debug|Any CPU.Build.0 = Debug|Any CPU
		{266902FE-5F50-4E94-B83C-8AFFD58D0839}.Release|Any CPU.ActiveCfg = Release|Any CPU
		{266902FE-5F50-4E94-B83C-8AFFD58D0839}.Release|Any CPU.Build.0 = Release|Any CPU
		{F38AABCC-D1F9-4751-B320-9855AF871207}.Debug|Any CPU.ActiveCfg = Debug|Any CPU
		{F38AABCC-D1F9-4751-B320-9855AF871207}.Debug|Any CPU.Build.0 = Debug|Any CPU
		{F38AABCC-D1F9-4751-B320-9855AF871207}.Release|Any CPU.ActiveCfg = Release|Any CPU
		{F38AABCC-D1F9-4751-B320-9855AF871207}.Release|Any CPU.Build.0 = Release|Any CPU
	EndGlobalSection
	GlobalSection(SolutionProperties) = preSolution
		HideSolutionNode = FALSE
	EndGlobalSection
	GlobalSection(ExtensibilityGlobals) = postSolution
		SolutionGuid = {DF8DC09C-2124-45B4-88F1-992CCE0BA4A7}
	EndGlobalSection
EndGlobal
